
Microsoft Visual Studio Solution File, Format Version 12.00
# Visual Studio Version 16
VisualStudioVersion = 16.0.30104.148
MinimumVisualStudioVersion = 10.0.40219.1
Project("{FAE04EC0-301F-11D3-BF4B-00C04F79EFBC}") = "QueryFFProdGuide", "QueryFFProdGuide\QueryFFProdGuide.csproj", "{56473D03-D24B-4A9A-AFC4-A9B9027369FE}"
EndProject
Global
	GlobalSection(SolutionConfigurationPlatforms) = preSolution
		Debug|Any CPU = Debug|Any CPU
		Release|Any CPU = Release|Any CPU
	EndGlobalSection
	GlobalSection(ProjectConfigurationPlatforms) = postSolution
		{56473D03-D24B-4A9A-AFC4-A9B9027369FE}.Debug|Any CPU.ActiveCfg = Debug|Any CPU
		{56473D03-D24B-4A9A-AFC4-A9B9027369FE}.Debug|Any CPU.Build.0 = Debug|Any CPU
		{56473D03-D24B-4A9A-AFC4-A9B9027369FE}.Release|Any CPU.ActiveCfg = Release|Any CPU
		{56473D03-D24B-4A9A-AFC4-A9B9027369FE}.Release|Any CPU.Build.0 = Release|Any CPU
	EndGlobalSection
	GlobalSection(SolutionProperties) = preSolution
		HideSolutionNode = FALSE
	EndGlobalSection
	GlobalSection(ExtensibilityGlobals) = postSolution
		SolutionGuid = {41F04B42-9B3A-4C17-B1B9-C444CA1B8363}
	EndGlobalSection
EndGlobal
